<?xml version="1.0" encoding="UTF-8" standalone="yes" ?>
<CodeBlocks_project_file>
	<FileVersion major="1" minor="6" />
	<Project>
		<Option title="car rental" />
		<Option pch_mode="2" />
		<Option compiler="gcc" />
		<Build>
			<Target title="Debug">
				<Option output="bin/Debug/car rental" prefix_auto="1" extension_auto="1" />
				<Option object_output="obj/Debug/" />
				<Option type="1" />
				<Option compiler="gcc" />
				<Compiler>
					<Add option="-g" />
					<Add directory="../rapidjson-master/include" />
				</Compiler>
			</Target>
			<Target title="Release">
				<Option output="bin/Release/car rental" prefix_auto="1" extension_auto="1" />
				<Option object_output="obj/Release/" />
				<Option type="1" />
				<Option compiler="gcc" />
				<Compiler>
					<Add option="-O2" />
				</Compiler>
				<Linker>
					<Add option="-s" />
				</Linker>
			</Target>
		</Build>
		<Compiler>
			<Add option="-Wall" />
			<Add option="-fexceptions" />
		</Compiler>
		<Unit filename="BookAndRent.h" />
		<Unit filename="CarRentalManagement.cpp" />
		<Unit filename="CarRentalManagement.h" />
		<Unit filename="Json.h" />
		<Unit filename="MaintenanceJob.cpp" />
		<Unit filename="MaintenanceJob.h" />
		<Unit filename="Pickup.cpp" />
		<Unit filename="Pickup.h" />
		<Unit filename="RentalContract.cpp" />
		<Unit filename="RentalContract.h" />
		<Unit filename="SUV.cpp" />
		<Unit filename="SUV.h" />
		<Unit filename="Sedan.cpp" />
		<Unit filename="Sedan.h" />
		<Unit filename="ServiceHistory.cpp" />
		<Unit filename="ServiceHistory.h" />
		<Unit filename="Vehicle.h" />
		<Unit filename="date.cpp" />
		<Unit filename="date.h" />
		<Unit filename="main.cpp" />
		<Extensions>
			<code_completion />
			<envvars />
			<debugger />
		</Extensions>
	</Project>
</CodeBlocks_project_file>
